
Microsoft Visual Studio Solution File, Format Version 12.00
# Visual Studio 15
VisualStudioVersion = 15.0.27004.2009
MinimumVisualStudioVersion = 10.0.40219.1
Project("{FAE04EC0-301F-11D3-BF4B-00C04F79EFBC}") = "MST.QA.Server.WebHost", "MST.QA.Server.WebHost\MST.QA.Server.WebHost.csproj", "{28179E90-3EDB-4D14-BA0B-BF66216FD204}"
EndProject
Project("{2150E333-8FDC-42A3-9474-1A3956D46DE8}") = "Hosting", "Hosting", "{56DBD448-2E40-4532-BC26-3FD1FFCC3EE8}"
EndProject
Project("{2150E333-8FDC-42A3-9474-1A3956D46DE8}") = "ServerSide", "ServerSide", "{52419F80-C558-4C45-9E42-E0B1BD558489}"
EndProject
Project("{2150E333-8FDC-42A3-9474-1A3956D46DE8}") = "ClientSide", "ClientSide", "{6675B1CC-97E5-43A8-A409-26B2597E891A}"
EndProject
Project("{2150E333-8FDC-42A3-9474-1A3956D46DE8}") = "SharedSide", "SharedSide", "{C699A8FF-AEFB-4720-86C9-B4C94A704320}"
EndProject
Project("{FAE04EC0-301F-11D3-BF4B-00C04F79EFBC}") = "MST.QA.Client.WPF", "MST.QA.Client.WPF\MST.QA.Client.WPF.csproj", "{1DCF4916-8FB6-4842-BCE5-C4EBE9F0B03B}"
EndProject
Project("{FAE04EC0-301F-11D3-BF4B-00C04F79EFBC}") = "MST.QA.DataModel", "MST.QA.DataModel\MST.QA.DataModel.csproj", "{5C8E296D-0DE6-48B2-9AEE-B177684F46D1}"
EndProject
Project("{FAE04EC0-301F-11D3-BF4B-00C04F79EFBC}") = "MST.QA.Core", "MST.QA.Core\MST.QA.Core.csproj", "{25F4E6FC-B661-4E1C-8348-66F81409EBCB}"
EndProject
Project("{2150E333-8FDC-42A3-9474-1A3956D46DE8}") = "DataLayer", "DataLayer", "{BE1E0077-64BB-4C24-8438-B24637902154}"
EndProject
Project("{FAE04EC0-301F-11D3-BF4B-00C04F79EFBC}") = "MST.QA.Data", "MST.QA.Data\MST.QA.Data.csproj", "{9110269A-8A56-4603-93EB-205618C4CD27}"
EndProject
Project("{FAE04EC0-301F-11D3-BF4B-00C04F79EFBC}") = "MST.QA.Data.Contracts", "MST.QA.Data.Contracts\MST.QA.Data.Contracts.csproj", "{9F59B1B9-90F1-4F62-B4E1-A50AF6ACA42C}"
EndProject
Project("{2150E333-8FDC-42A3-9474-1A3956D46DE8}") = "Tests", "Tests", "{D5DAA9C3-1F55-4D7E-8932-C3E3F23F6126}"
EndProject
Project("{FAE04EC0-301F-11D3-BF4B-00C04F79EFBC}") = "MST.QA.Data.Tests", "MST.QA.Data.Tests\MST.QA.Data.Tests.csproj", "{998DFE44-D721-49C2-8F56-AEA91BE53999}"
EndProject
Project("{FAE04EC0-301F-11D3-BF4B-00C04F79EFBC}") = "MST.QA.Server.Bootstrapper", "MST.QA.Server.Bootstrapper\MST.QA.Server.Bootstrapper.csproj", "{D4497C06-A73D-4B1D-8FCF-4B1AFDE7A249}"
EndProject
Global
	GlobalSection(SolutionConfigurationPlatforms) = preSolution
		Debug|Any CPU = Debug|Any CPU
		Release|Any CPU = Release|Any CPU
	EndGlobalSection
	GlobalSection(ProjectConfigurationPlatforms) = postSolution
		{28179E90-3EDB-4D14-BA0B-BF66216FD204}.Debug|Any CPU.ActiveCfg = Debug|Any CPU
		{28179E90-3EDB-4D14-BA0B-BF66216FD204}.Debug|Any CPU.Build.0 = Debug|Any CPU
		{28179E90-3EDB-4D14-BA0B-BF66216FD204}.Release|Any CPU.ActiveCfg = Release|Any CPU
		{28179E90-3EDB-4D14-BA0B-BF66216FD204}.Release|Any CPU.Build.0 = Release|Any CPU
		{1DCF4916-8FB6-4842-BCE5-C4EBE9F0B03B}.Debug|Any CPU.ActiveCfg = Debug|Any CPU
		{1DCF4916-8FB6-4842-BCE5-C4EBE9F0B03B}.Debug|Any CPU.Build.0 = Debug|Any CPU
		{1DCF4916-8FB6-4842-BCE5-C4EBE9F0B03B}.Release|Any CPU.ActiveCfg = Release|Any CPU
		{1DCF4916-8FB6-4842-BCE5-C4EBE9F0B03B}.Release|Any CPU.Build.0 = Release|Any CPU
		{5C8E296D-0DE6-48B2-9AEE-B177684F46D1}.Debug|Any CPU.ActiveCfg = Debug|Any CPU
		{5C8E296D-0DE6-48B2-9AEE-B177684F46D1}.Debug|Any CPU.Build.0 = Debug|Any CPU
		{5C8E296D-0DE6-48B2-9AEE-B177684F46D1}.Release|Any CPU.ActiveCfg = Release|Any CPU
		{5C8E296D-0DE6-48B2-9AEE-B177684F46D1}.Release|Any CPU.Build.0 = Release|Any CPU
		{25F4E6FC-B661-4E1C-8348-66F81409EBCB}.Debug|Any CPU.ActiveCfg = Debug|Any CPU
		{25F4E6FC-B661-4E1C-8348-66F81409EBCB}.Debug|Any CPU.Build.0 = Debug|Any CPU
		{25F4E6FC-B661-4E1C-8348-66F81409EBCB}.Release|Any CPU.ActiveCfg = Release|Any CPU
		{25F4E6FC-B661-4E1C-8348-66F81409EBCB}.Release|Any CPU.Build.0 = Release|Any CPU
		{9110269A-8A56-4603-93EB-205618C4CD27}.Debug|Any CPU.ActiveCfg = Debug|Any CPU
		{9110269A-8A56-4603-93EB-205618C4CD27}.Debug|Any CPU.Build.0 = Debug|Any CPU
		{9110269A-8A56-4603-93EB-205618C4CD27}.Release|Any CPU.ActiveCfg = Release|Any CPU
		{9110269A-8A56-4603-93EB-205618C4CD27}.Release|Any CPU.Build.0 = Release|Any CPU
		{9F59B1B9-90F1-4F62-B4E1-A50AF6ACA42C}.Debug|Any CPU.ActiveCfg = Debug|Any CPU
		{9F59B1B9-90F1-4F62-B4E1-A50AF6ACA42C}.Debug|Any CPU.Build.0 = Debug|Any CPU
		{9F59B1B9-90F1-4F62-B4E1-A50AF6ACA42C}.Release|Any CPU.ActiveCfg = Release|Any CPU
		{9F59B1B9-90F1-4F62-B4E1-A50AF6ACA42C}.Release|Any CPU.Build.0 = Release|Any CPU
		{998DFE44-D721-49C2-8F56-AEA91BE53999}.Debug|Any CPU.ActiveCfg = Debug|Any CPU
		{998DFE44-D721-49C2-8F56-AEA91BE53999}.Debug|Any CPU.Build.0 = Debug|Any CPU
		{998DFE44-D721-49C2-8F56-AEA91BE53999}.Release|Any CPU.ActiveCfg = Release|Any CPU
		{998DFE44-D721-49C2-8F56-AEA91BE53999}.Release|Any CPU.Build.0 = Release|Any CPU
		{D4497C06-A73D-4B1D-8FCF-4B1AFDE7A249}.Debug|Any CPU.ActiveCfg = Debug|Any CPU
		{D4497C06-A73D-4B1D-8FCF-4B1AFDE7A249}.Debug|Any CPU.Build.0 = Debug|Any CPU
		{D4497C06-A73D-4B1D-8FCF-4B1AFDE7A249}.Release|Any CPU.ActiveCfg = Release|Any CPU
		{D4497C06-A73D-4B1D-8FCF-4B1AFDE7A249}.Release|Any CPU.Build.0 = Release|Any CPU
	EndGlobalSection
	GlobalSection(SolutionProperties) = preSolution
		HideSolutionNode = FALSE
	EndGlobalSection
	GlobalSection(NestedProjects) = preSolution
		{28179E90-3EDB-4D14-BA0B-BF66216FD204} = {56DBD448-2E40-4532-BC26-3FD1FFCC3EE8}
		{1DCF4916-8FB6-4842-BCE5-C4EBE9F0B03B} = {6675B1CC-97E5-43A8-A409-26B2597E891A}
		{5C8E296D-0DE6-48B2-9AEE-B177684F46D1} = {C699A8FF-AEFB-4720-86C9-B4C94A704320}
		{25F4E6FC-B661-4E1C-8348-66F81409EBCB} = {C699A8FF-AEFB-4720-86C9-B4C94A704320}
		{9110269A-8A56-4603-93EB-205618C4CD27} = {BE1E0077-64BB-4C24-8438-B24637902154}
		{9F59B1B9-90F1-4F62-B4E1-A50AF6ACA42C} = {BE1E0077-64BB-4C24-8438-B24637902154}
		{998DFE44-D721-49C2-8F56-AEA91BE53999} = {D5DAA9C3-1F55-4D7E-8932-C3E3F23F6126}
		{D4497C06-A73D-4B1D-8FCF-4B1AFDE7A249} = {52419F80-C558-4C45-9E42-E0B1BD558489}
	EndGlobalSection
	GlobalSection(ExtensibilityGlobals) = postSolution
		SolutionGuid = {33EBE3E1-64C7-41BC-99A3-A849A6893BC6}
	EndGlobalSection
EndGlobal
